# THIS IS AN AUTOGENERATED FILE. DO NOT EDIT THIS FILE DIRECTLY.
# yarn lockfile v1


"@fwl/logging@file:../logging":
  version "0.1.6"
  dependencies:
    "@types/logfmt" "1.2.2"
    "@types/node" "17.0.36"
    logfmt "1.3.2"

"@opentelemetry/api-metrics@0.25.0":
  version "0.25.0"
  resolved "https://registry.yarnpkg.com/@opentelemetry/api-metrics/-/api-metrics-0.25.0.tgz#3b996842c8043068da4d11a6e96960e757ad6be9"
  integrity sha512-9T0c9NQAEGRujUC7HzPa2/qZ5px/UvB2sfSU5CAKFRrAlDl2gn25B0oUbDqSRHW/IG1X2rnQ3z2bBQkJyJvE4g==

"@opentelemetry/api@1.1.0":
  version "1.1.0"
  resolved "https://registry.yarnpkg.com/@opentelemetry/api/-/api-1.1.0.tgz#563539048255bbe1a5f4f586a4a10a1bb737f44a"
  integrity sha512-hf+3bwuBwtXsugA2ULBc95qxrOqP2pOekLz34BJhcAKawt94vfeNyUKpYc0lZQ/3sCP6LqRa7UAdHA7i5UODzQ==

"@opentelemetry/api@^0.18.1":
  version "0.18.1"
  resolved "https://registry.yarnpkg.com/@opentelemetry/api/-/api-0.18.1.tgz#fb499e07afa1f55acffc47b2469eb218dcdee2a2"
  integrity sha512-pKNxHe3AJ5T2N5G3AlT9gx6FyF5K2FS9ZNc+FipC+f1CpVF/EY+JHTJ749dnM2kWIgZTbDJFiGMuc0FYjNSCOg==

"@opentelemetry/context-async-hooks@0.24.0":
  version "0.24.0"
  resolved "https://registry.yarnpkg.com/@opentelemetry/context-async-hooks/-/context-async-hooks-0.24.0.tgz#d726cda794f8057c63631d111c7375744ed1cc75"
  integrity sha512-Db8AgMByBEFKLJGSUBlNq4Un/Tqzj5W0hTxx3hIic8DvBwqbvUvkMGuiQYLKE2Ay21cLYMT01xK4TEKz0OxADw==

"@opentelemetry/context-async-hooks@1.2.0":
  version "1.2.0"
  resolved "https://registry.yarnpkg.com/@opentelemetry/context-async-hooks/-/context-async-hooks-1.2.0.tgz#8af4ccdfd5b4725fe3c339e74d5715641b297308"
  integrity sha512-b0ui4aDc5UtU+EWkQlgyxPrTPjird8RhzdyaruoTyiHECWXs9O6qiTv4GLAnBt1XIPK4A/t5aqdW5whDcXDBnA==

"@opentelemetry/core@0.24.0":
  version "0.24.0"
  resolved "https://registry.yarnpkg.com/@opentelemetry/core/-/core-0.24.0.tgz#94033ebab10fdf008f8dae19c9547dadef30a2b2"
  integrity sha512-KpsfxBbFTZT9zaB4Es/fFLbvSzVl9Io/8UUu/TYl4/HgqkmyVInNlWTgRiKyz9nsHzFpGP1kdZJj+YIut0IFsw==
  dependencies:
    "@opentelemetry/semantic-conventions" "0.24.0"
    semver "^7.1.3"

"@opentelemetry/core@0.25.0":
  version "0.25.0"
  resolved "https://registry.yarnpkg.com/@opentelemetry/core/-/core-0.25.0.tgz#44fae79865483be5dacdf72f99db9f1a603c4bae"
  integrity sha512-8OTWF4vfCENU112XB5ElLqf0eq/FhsY0SBvvY65vB3+fbZ2Oi+CPsRASrUZWGtC9MJ5rK2lBlY+/jI4a/NPPBg==
  dependencies:
    "@opentelemetry/semantic-conventions" "0.25.0"
    semver "^7.3.5"

"@opentelemetry/core@1.2.0":
  version "1.2.0"
  resolved "https://registry.yarnpkg.com/@opentelemetry/core/-/core-1.2.0.tgz#cc6dabb7bb2f317427135863ba6bebe22b0b475e"
  integrity sha512-QiKp8fBbT9ZhRTP+ZVVMyqH62tD/ZQa4gWPi+GnpNetvK1SWPO/8DmRpaSXHwAhu5FWUDJrbFgpLsrDd1zGPOw==
  dependencies:
    "@opentelemetry/semantic-conventions" "1.2.0"

"@opentelemetry/core@^0.18.2":
  version "0.18.2"
  resolved "https://registry.yarnpkg.com/@opentelemetry/core/-/core-0.18.2.tgz#3f8f54e250416b50730551f73e42fca9808cafd3"
  integrity sha512-WG8veOEd8xZHuBaOHddzWQg5yj794lrEPAe6W1qI0YkV7pyqYXvhJdCxOU5Lyo1SWzTAjI5xrCUQ9J2WlrqzYA==
  dependencies:
    "@opentelemetry/api" "^0.18.1"
    semver "^7.1.3"

"@opentelemetry/exporter-collector@0.25.0":
  version "0.25.0"
  resolved "https://registry.yarnpkg.com/@opentelemetry/exporter-collector/-/exporter-collector-0.25.0.tgz#5c6a6a95cb2220aba6085f79b561166e150737df"
  integrity sha512-xZYstLt4hz1aTloJaepWdjMMf9305MqwqbUWjcU/X9pOxvgFWRlchO6x/HQTw7ow0i/S+ShzC+greKnb+1WvLA==
  dependencies:
    "@opentelemetry/api-metrics" "0.25.0"
    "@opentelemetry/core" "0.25.0"
    "@opentelemetry/resources" "0.25.0"
    "@opentelemetry/sdk-metrics-base" "0.25.0"
    "@opentelemetry/sdk-trace-base" "0.25.0"

"@opentelemetry/exporter-zipkin@1.2.0":
  version "1.2.0"
  resolved "https://registry.yarnpkg.com/@opentelemetry/exporter-zipkin/-/exporter-zipkin-1.2.0.tgz#708ab7eae58eae68d2d810da780757ca70d2fb29"
  integrity sha512-rPlm5mnW7PG1Znk6gGIoQumjCjtw0lCdaX/GW5kilP1rw4ebs4hYbr+jn0dRl+yjY3yS74f0xt0QO6xPxIQQtw==
  dependencies:
    "@opentelemetry/core" "1.2.0"
    "@opentelemetry/resources" "1.2.0"
    "@opentelemetry/sdk-trace-base" "1.2.0"
    "@opentelemetry/semantic-conventions" "1.2.0"

"@opentelemetry/node@0.24.0":
  version "0.24.0"
  resolved "https://registry.yarnpkg.com/@opentelemetry/node/-/node-0.24.0.tgz#ef3f3ebc249e71eec2513f1372206f2eae089d85"
  integrity sha512-Sy8QooZFOeVUcJIKetw5xsq15/1ivZovWg0RnKWtzURMQrcOxmQ3bGrXPORklOJxOtf5snDHgT37Y7dBgr+c+g==
  dependencies:
    "@opentelemetry/context-async-hooks" "0.24.0"
    "@opentelemetry/core" "0.24.0"
    "@opentelemetry/propagator-b3" "0.24.0"
    "@opentelemetry/propagator-jaeger" "0.24.0"
    "@opentelemetry/tracing" "0.24.0"
    semver "^7.1.3"

"@opentelemetry/plugin-http@0.18.2", "@opentelemetry/plugin-http@^0.18.2":
  version "0.18.2"
  resolved "https://registry.yarnpkg.com/@opentelemetry/plugin-http/-/plugin-http-0.18.2.tgz#654108b86de5c4dffe5f3926fa6e0dae13a519c1"
  integrity sha512-YxwglRLnKMKvTngm12Kr12tIC+7dMcl+0jpHsUbcCj8hDJoG3MPGtfJsHdFH80TWiZmLbFz0mIlSBwlk2izZJA==
  dependencies:
    "@opentelemetry/api" "^0.18.1"
    "@opentelemetry/core" "^0.18.2"
    "@opentelemetry/semantic-conventions" "^0.18.2"
    semver "^7.1.3"
    shimmer "^1.2.1"

"@opentelemetry/plugin-https@0.18.2":
  version "0.18.2"
  resolved "https://registry.yarnpkg.com/@opentelemetry/plugin-https/-/plugin-https-0.18.2.tgz#29d99abde2117a808201a077ed7dffe2ff526f56"
  integrity sha512-U86gevKk8vq3gEgBR8KWSgWeKDbevzHaJ2Q7HloI/fvCy1DqUQoBh3kPCJao4bAahYnGzdiuhbF53ZEubS5Ekg==
  dependencies:
    "@opentelemetry/api" "^0.18.1"
    "@opentelemetry/core" "^0.18.2"
    "@opentelemetry/plugin-http" "^0.18.2"
    "@opentelemetry/semantic-conventions" "^0.18.2"
    semver "^7.1.3"
    shimmer "^1.2.1"

"@opentelemetry/propagator-b3@0.24.0":
  version "0.24.0"
  resolved "https://registry.yarnpkg.com/@opentelemetry/propagator-b3/-/propagator-b3-0.24.0.tgz#b5971dee565b76323dd3b3727acee1c452dd0fec"
  integrity sha512-iV7KSN0LkEAkeVCbhaIJAgTEb7HCnVkprmpgkL6q79rP3vTW4dylwfBYgIwod7y0GT4Ofgomm0NrwwWiuGLbQA==
  dependencies:
    "@opentelemetry/core" "0.24.0"

"@opentelemetry/propagator-jaeger@0.24.0":
  version "0.24.0"
  resolved "https://registry.yarnpkg.com/@opentelemetry/propagator-jaeger/-/propagator-jaeger-0.24.0.tgz#b212df61a28af9e0a49bd0f86436537c4942dcc3"
  integrity sha512-QXCxBwuSka+vXbBZdumtF7YKO84gwTyKy3GelZV5BPlgWoge0AbLR3DfsO9Beu13pmD+4PyuwMw3LfYsgG1+3g==
  dependencies:
    "@opentelemetry/core" "0.24.0"

"@opentelemetry/resources@0.24.0":
  version "0.24.0"
  resolved "https://registry.yarnpkg.com/@opentelemetry/resources/-/resources-0.24.0.tgz#834e5a4d0a64ed4de085add8308be203959c44b4"
  integrity sha512-uEr2m13IRkjQAjX6fsYqJ21aONCspRvuQunaCl8LbH1NS1Gj82TuRUHF6TM82ulBPK8pU+nrrqXKuky2cMcIzw==
  dependencies:
    "@opentelemetry/core" "0.24.0"
    "@opentelemetry/semantic-conventions" "0.24.0"

"@opentelemetry/resources@0.25.0":
  version "0.25.0"
  resolved "https://registry.yarnpkg.com/@opentelemetry/resources/-/resources-0.25.0.tgz#a780ab536577359ca9ebe93ccc5d02ba8c3fb2ce"
  integrity sha512-O46u53vDBlxCML8O9dIjsRcCC2VT5ri1upwhp02ITobgJ16aVD/iScCo1lPl/x2E7yq9uwzMINENiiYZRFb6XA==
  dependencies:
    "@opentelemetry/core" "0.25.0"
    "@opentelemetry/semantic-conventions" "0.25.0"

"@opentelemetry/resources@1.2.0":
  version "1.2.0"
  resolved "https://registry.yarnpkg.com/@opentelemetry/resources/-/resources-1.2.0.tgz#5046d104d33839e58cca3184547c5dc26602f228"
  integrity sha512-S5ZlZa2JF+1qhiF7eb3tTtDfKmTODO//pvam9vEyZvr+/At45rIQ7cyznRdMWCppZbholwXWXnrKml29IIG9vQ==
  dependencies:
    "@opentelemetry/core" "1.2.0"
    "@opentelemetry/semantic-conventions" "1.2.0"

"@opentelemetry/sdk-metrics-base@0.25.0":
  version "0.25.0"
  resolved "https://registry.yarnpkg.com/@opentelemetry/sdk-metrics-base/-/sdk-metrics-base-0.25.0.tgz#3ac340ef9f1ff7c649339bb031f6c390a2c8ed70"
  integrity sha512-7fwPlAFB5Xw8mnVQfq0wqKNw3RXiAMad9T1bk5Sza9LK/L6hz8RTuHWCsFMsj+1OOSAaiPFuUMYrK1J75+2IAg==
  dependencies:
    "@opentelemetry/api-metrics" "0.25.0"
    "@opentelemetry/core" "0.25.0"
    "@opentelemetry/resources" "0.25.0"
    lodash.merge "^4.6.2"

"@opentelemetry/sdk-trace-base@0.25.0":
  version "0.25.0"
  resolved "https://registry.yarnpkg.com/@opentelemetry/sdk-trace-base/-/sdk-trace-base-0.25.0.tgz#4393903a7db8a5ae81a99c4a34121df67e4fdfbe"
  integrity sha512-TInkLSF/ThM3GNVM+9tgnCVjyNLnRxvAkG585Fhu0HNwaEtCTUwI0r7AvMRIREOreeRWttBG6kvT0LOKdo8yjw==
  dependencies:
    "@opentelemetry/core" "0.25.0"
    "@opentelemetry/resources" "0.25.0"
    "@opentelemetry/semantic-conventions" "0.25.0"
    lodash.merge "^4.6.2"

"@opentelemetry/sdk-trace-base@1.2.0":
  version "1.2.0"
  resolved "https://registry.yarnpkg.com/@opentelemetry/sdk-trace-base/-/sdk-trace-base-1.2.0.tgz#aac5b79dbaced92a886fb2e348e54f5b681205ed"
  integrity sha512-eHrG9c9OhoDhUmMe63Qzgpcvlgxr2L7BFBbbj2DdZu3vGstayytTT6TDv6mz727lXBqR1HXMbqTGVafS07r3bg==
  dependencies:
    "@opentelemetry/core" "1.2.0"
    "@opentelemetry/resources" "1.2.0"
    "@opentelemetry/semantic-conventions" "1.2.0"

"@opentelemetry/semantic-conventions@0.24.0":
  version "0.24.0"
  resolved "https://registry.yarnpkg.com/@opentelemetry/semantic-conventions/-/semantic-conventions-0.24.0.tgz#1028ef0e0923b24916158d80d2ddfd67ea8b6740"
  integrity sha512-a/szuMQV0Quy0/M7kKdglcbRSoorleyyOwbTNNJ32O+RBN766wbQlMTvdimImTmwYWGr+NJOni1EcC242WlRcA==

"@opentelemetry/semantic-conventions@0.25.0":
  version "0.25.0"
  resolved "https://registry.yarnpkg.com/@opentelemetry/semantic-conventions/-/semantic-conventions-0.25.0.tgz#c100d146957949608c6b9614267ae044cdcb5315"
  integrity sha512-V3N+MDBiv0TUlorbgiSqk6CvcP876CYUk/41Tg6s8OIyvniTwprE6vPvFQayuABiVkGlHOxv1Mlvp0w4qNdnVg==

"@opentelemetry/semantic-conventions@1.2.0":
  version "1.2.0"
  resolved "https://registry.yarnpkg.com/@opentelemetry/semantic-conventions/-/semantic-conventions-1.2.0.tgz#1549c1d88dc45d720b8487e39077eacc69636c73"
  integrity sha512-BNKB9fiYVghALJzCuWO3eNYfdTExPVK4ykrtmfNfy0A6UWYhOYjGMXifUmkunDJNL8ju9tBobo8jF0WR9zGy1Q==

"@opentelemetry/semantic-conventions@^0.18.2":
  version "0.18.2"
  resolved "https://registry.yarnpkg.com/@opentelemetry/semantic-conventions/-/semantic-conventions-0.18.2.tgz#a0f15d2ef752567713c1f59f69c6742edb03030c"
  integrity sha512-+0P+PrP9qSFVaayNdek4P1OAGE+PEl2SsufuHDRmUpOY25Wzjo7Atyar56Trjc32jkNy4lID6ZFT6BahsR9P9A==

"@opentelemetry/tracing@0.24.0":
  version "0.24.0"
  resolved "https://registry.yarnpkg.com/@opentelemetry/tracing/-/tracing-0.24.0.tgz#63077fe77b2f450442cb36710ea355db76f60faa"
  integrity sha512-sTLEs1SIon3xV8vLe53PzfbU0FahoxL9NPY/CYvA1mwGbMu4zHkHAjqy1Tc8JmqRrfa+XrHkmzeSM4hrvloBaA==
  dependencies:
    "@opentelemetry/core" "0.24.0"
    "@opentelemetry/resources" "0.24.0"
    "@opentelemetry/semantic-conventions" "0.24.0"
    lodash.merge "^4.6.2"

"@types/logfmt@1.2.2":
  version "1.2.2"
  resolved "https://registry.yarnpkg.com/@types/logfmt/-/logfmt-1.2.2.tgz#80b0b824199b2bb29f9667d016b0ddbe469b04e1"
  integrity sha512-D67mkEUeXTKStrNPuoO18ONSqbwFcycFhQLDgHmTcU3bLBM/oUVHrruz5t70FDZEQNkMgALqMKfEdGh1FLzV7A==
  dependencies:
    "@types/node" "*"

"@types/node@*":
  version "17.0.40"
  resolved "https://registry.yarnpkg.com/@types/node/-/node-17.0.40.tgz#76ee88ae03650de8064a6cf75b8d95f9f4a16090"
  integrity sha512-UXdBxNGqTMtm7hCwh9HtncFVLrXoqA3oJW30j6XWp5BH/wu3mVeaxo7cq5benFdBw34HB3XDT2TRPI7rXZ+mDg==

"@types/node@17.0.35":
  version "17.0.35"
  resolved "https://registry.yarnpkg.com/@types/node/-/node-17.0.35.tgz#635b7586086d51fb40de0a2ec9d1014a5283ba4a"
  integrity sha512-vu1SrqBjbbZ3J6vwY17jBs8Sr/BKA+/a/WtjRG+whKg1iuLFOosq872EXS0eXWILdO36DHQQeku/ZcL6hz2fpg==

"@types/node@17.0.36":
  version "17.0.36"
  resolved "https://registry.yarnpkg.com/@types/node/-/node-17.0.36.tgz#c0d5f2fe76b47b63e0e0efc3d2049a9970d68794"
  integrity sha512-V3orv+ggDsWVHP99K3JlwtH20R7J4IhI1Kksgc+64q5VxgfRkQG8Ws3MFm/FZOKDYGy9feGFlZ70/HpCNe9QaA==

lodash.merge@^4.6.2:
  version "4.6.2"
  resolved "https://registry.yarnpkg.com/lodash.merge/-/lodash.merge-4.6.2.tgz#558aa53b43b661e1925a0afdfa36a9a1085fe57a"
  integrity sha512-0KpjqXRVvrYyCsX1swR/XTK0va6VQkQM6MNo7PqW77ByjAhoARA8EfrP1N4+KlKj8YS0ZUCtRT/YUuhyYDujIQ==

logfmt@1.3.2:
  version "1.3.2"
  resolved "https://registry.yarnpkg.com/logfmt/-/logfmt-1.3.2.tgz#be34020b7390b8201212a12f533e3cb4c92d70c2"
  integrity sha512-U0lelcaGWEfEITZQXs8y5HrJp2xa0BJ+KDfkkLJRmuKbQIEVGNv145FbaNekY4ZYHJSBBx8NLJitaPtRqLEkxQ==
  dependencies:
    split "0.2.x"
    through "2.3.x"

lru-cache@^6.0.0:
  version "6.0.0"
  resolved "https://registry.yarnpkg.com/lru-cache/-/lru-cache-6.0.0.tgz#6d6fe6570ebd96aaf90fcad1dafa3b2566db3a94"
  integrity sha512-Jo6dJ04CmSjuznwJSS3pUeWmd/H0ffTlkXXgwZi+eq1UCmqQwCh+eLsYOYCwY991i2Fah4h1BEMCx4qThGbsiA==
  dependencies:
    yallist "^4.0.0"

semver@^7.1.3, semver@^7.3.5:
  version "7.3.7"
  resolved "https://registry.yarnpkg.com/semver/-/semver-7.3.7.tgz#12c5b649afdbf9049707796e22a4028814ce523f"
  integrity sha512-QlYTucUYOews+WeEujDoEGziz4K6c47V/Bd+LjSSYcA94p+DmINdf7ncaUinThfvZyu13lN9OY1XDxt8C0Tw0g==
  dependencies:
    lru-cache "^6.0.0"

shimmer@^1.2.1:
  version "1.2.1"
  resolved "https://registry.yarnpkg.com/shimmer/-/shimmer-1.2.1.tgz#610859f7de327b587efebf501fb43117f9aff337"
  integrity sha512-sQTKC1Re/rM6XyFM6fIAGHRPVGvyXfgzIDvzoq608vM+jeyVD0Tu1E6Np0Kc2zAIFWIj963V2800iF/9LPieQw==

split@0.2.x:
  version "0.2.10"
  resolved "https://registry.yarnpkg.com/split/-/split-0.2.10.tgz#67097c601d697ce1368f418f06cd201cf0521a57"
  integrity sha1-Zwl8YB1pfOE2j0GPBs0gHPBSGlc=
  dependencies:
    through "2"

through@2, through@2.3.x:
  version "2.3.8"
  resolved "https://registry.yarnpkg.com/through/-/through-2.3.8.tgz#0dd4c9ffaabc357960b1b724115d7e0e86a2e1f5"
  integrity sha1-DdTJ/6q8NXlgsbckEV1+Doai4fU=

yallist@^4.0.0:
  version "4.0.0"
  resolved "https://registry.yarnpkg.com/yallist/-/yallist-4.0.0.tgz#9bb92790d9c0effec63be73519e11a35019a3a72"
  integrity sha512-3wdGidZyq5PB084XLES5TpOSRA3wjXAlIWMhum2kRcv/41Sn2emQ0dycQW4uZXLejwKvg6EsvbdlVL+FYEct7A==
